
Microsoft Visual Studio Solution File, Format Version 12.00
# Visual Studio Version 17
VisualStudioVersion = 17.9.34723.18
MinimumVisualStudioVersion = 10.0.40219.1
Project("{FAE04EC0-301F-11D3-BF4B-00C04F79EFBC}") = "Vidar1", "Vidar1\Vidar1.csproj", "{CFB9AF81-B08E-4A48-88F3-B10DED7EC622}"
EndProject
Project("{FAE04EC0-301F-11D3-BF4B-00C04F79EFBC}") = "Extensions", "Extensions\Extensions.csproj", "{951AAA06-AA08-485B-9A04-4DFFBEFEC59F}"
EndProject
Global
	GlobalSection(SolutionConfigurationPlatforms) = preSolution
		Debug|Any CPU = Debug|Any CPU
		Release|Any CPU = Release|Any CPU
	EndGlobalSection
	GlobalSection(ProjectConfigurationPlatforms) = postSolution
		{CFB9AF81-B08E-4A48-88F3-B10DED7EC622}.Debug|Any CPU.ActiveCfg = Debug|Any CPU
		{CFB9AF81-B08E-4A48-88F3-B10DED7EC622}.Debug|Any CPU.Build.0 = Debug|Any CPU
		{CFB9AF81-B08E-4A48-88F3-B10DED7EC622}.Release|Any CPU.ActiveCfg = Release|Any CPU
		{CFB9AF81-B08E-4A48-88F3-B10DED7EC622}.Release|Any CPU.Build.0 = Release|Any CPU
		{951AAA06-AA08-485B-9A04-4DFFBEFEC59F}.Debug|Any CPU.ActiveCfg = Debug|Any CPU
		{951AAA06-AA08-485B-9A04-4DFFBEFEC59F}.Debug|Any CPU.Build.0 = Debug|Any CPU
		{951AAA06-AA08-485B-9A04-4DFFBEFEC59F}.Release|Any CPU.ActiveCfg = Release|Any CPU
		{951AAA06-AA08-485B-9A04-4DFFBEFEC59F}.Release|Any CPU.Build.0 = Release|Any CPU
	EndGlobalSection
	GlobalSection(SolutionProperties) = preSolution
		HideSolutionNode = FALSE
	EndGlobalSection
	GlobalSection(ExtensibilityGlobals) = postSolution
		SolutionGuid = {4AFEA881-8FC8-4729-A097-D9A035BF88E5}
	EndGlobalSection
EndGlobal
